// !$*UTF8*$!
{
	archiveVersion = 1;
	classes = {
	};
	objectVersion = 55;
	objects = {

/* Begin PBXBuildFile section */
		A280880E2857A534009FDA26 /* AppDelegate.swift in Sources */ = {isa = PBXBuildFile; fileRef = A280880D2857A534009FDA26 /* AppDelegate.swift */; };
		A28088102857A534009FDA26 /* SceneDelegate.swift in Sources */ = {isa = PBXBuildFile; fileRef = A280880F2857A534009FDA26 /* SceneDelegate.swift */; };
		A28088122857A534009FDA26 /* MyViewController.swift in Sources */ = {isa = PBXBuildFile; fileRef = A28088112857A534009FDA26 /* MyViewController.swift */; };
		A28088152857A534009FDA26 /* Main.storyboard in Resources */ = {isa = PBXBuildFile; fileRef = A28088132857A534009FDA26 /* Main.storyboard */; };
		A28088172857A537009FDA26 /* Assets.xcassets in Resources */ = {isa = PBXBuildFile; fileRef = A28088162857A537009FDA26 /* Assets.xcassets */; };
		A280881A2857A537009FDA26 /* LaunchScreen.storyboard in Resources */ = {isa = PBXBuildFile; fileRef = A28088182857A537009FDA26 /* LaunchScreen.storyboard */; };
		A28088222857A7E4009FDA26 /* MyTableViewCell.swift in Sources */ = {isa = PBXBuildFile; fileRef = A28088212857A7E4009FDA26 /* MyTableViewCell.swift */; };
		C232FC69A41A759D6B33B7E3 /* Pods_Networking_Alamofire_1.framework in Frameworks */ = {isa = PBXBuildFile; fileRef = 8D5CE4F5F3AE28FC7E4122D0 /* Pods_Networking_Alamofire_1.framework */; };
/* End PBXBuildFile section */

/* Begin PBXFileReference section */
		31D98F794203750ED7BBA7AE /* Pods-Networking-Alamofire-1.release.xcconfig */ = {isa = PBXFileReference; includeInIndex = 1; lastKnownFileType = text.xcconfig; name = "Pods-Networking-Alamofire-1.release.xcconfig"; path = "Target Support Files/Pods-Networking-Alamofire-1/Pods-Networking-Alamofire-1.release.xcconfig"; sourceTree = "<group>"; };
		8D5CE4F5F3AE28FC7E4122D0 /* Pods_Networking_Alamofire_1.framework */ = {isa = PBXFileReference; explicitFileType = wrapper.framework; includeInIndex = 0; path = Pods_Networking_Alamofire_1.framework; sourceTree = BUILT_PRODUCTS_DIR; };
		A280880A2857A534009FDA26 /* Networking-Alamofire-1.app */ = {isa = PBXFileReference; explicitFileType = wrapper.application; includeInIndex = 0; path = "Networking-Alamofire-1.app"; sourceTree = BUILT_PRODUCTS_DIR; };
		A280880D2857A534009FDA26 /* AppDelegate.swift */ = {isa = PBXFileReference; lastKnownFileType = sourcecode.swift; path = AppDelegate.swift; sourceTree = "<group>"; };
		A280880F2857A534009FDA26 /* SceneDelegate.swift */ = {isa = PBXFileReference; lastKnownFileType = sourcecode.swift; path = SceneDelegate.swift; sourceTree = "<group>"; };
		A28088112857A534009FDA26 /* MyViewController.swift */ = {isa = PBXFileReference; lastKnownFileType = sourcecode.swift; path = MyViewController.swift; sourceTree = "<group>"; };
		A28088142857A534009FDA26 /* Base */ = {isa = PBXFileReference; lastKnownFileType = file.storyboard; name = Base; path = Base.lproj/Main.storyboard; sourceTree = "<group>"; };
		A28088162857A537009FDA26 /* Assets.xcassets */ = {isa = PBXFileReference; lastKnownFileType = folder.assetcatalog; path = Assets.xcassets; sourceTree = "<group>"; };
		A28088192857A537009FDA26 /* Base */ = {isa = PBXFileReference; lastKnownFileType = file.storyboard; name = Base; path = Base.lproj/LaunchScreen.storyboard; sourceTree = "<group>"; };
		A280881B2857A537009FDA26 /* Info.plist */ = {isa = PBXFileReference; lastKnownFileType = text.plist.xml; path = Info.plist; sourceTree = "<group>"; };
		A28088212857A7E4009FDA26 /* MyTableViewCell.swift */ = {isa = PBXFileReference; lastKnownFileType = sourcecode.swift; path = MyTableViewCell.swift; sourceTree = "<group>"; };
		ECE13A1C9CED7E86E60A8B3E /* Pods-Networking-Alamofire-1.debug.xcconfig */ = {isa = PBXFileReference; includeInIndex = 1; lastKnownFileType = text.xcconfig; name = "Pods-Networking-Alamofire-1.debug.xcconfig"; path = "Target Support Files/Pods-Networking-Alamofire-1/Pods-Networking-Alamofire-1.debug.xcconfig"; sourceTree = "<group>"; };
/* End PBXFileReference section */

/* Begin PBXFrameworksBuildPhase section */
		A28088072857A534009FDA26 /* Frameworks */ = {
			isa = PBXFrameworksBuildPhase;
			buildActionMask = 2147483647;
			files = (
				C232FC69A41A759D6B33B7E3 /* Pods_Networking_Alamofire_1.framework in Frameworks */,
			);
			runOnlyForDeploymentPostprocessing = 0;
		};
/* End PBXFrameworksBuildPhase section */

/* Begin PBXGroup section */
		74F06DEC811AEB3C91C13AE3 /* Frameworks */ = {
			isa = PBXGroup;
			children = (
				8D5CE4F5F3AE28FC7E4122D0 /* Pods_Networking_Alamofire_1.framework */,
			);
			name = Frameworks;
			sourceTree = "<group>";
		};
		A05556CF2B5A6A48D72DB8EA /* Pods */ = {
			isa = PBXGroup;
			children = (
				ECE13A1C9CED7E86E60A8B3E /* Pods-Networking-Alamofire-1.debug.xcconfig */,
				31D98F794203750ED7BBA7AE /* Pods-Networking-Alamofire-1.release.xcconfig */,
			);
			name = Pods;
			path = Pods;
			sourceTree = "<group>";
		};
		A28088012857A534009FDA26 = {
			isa = PBXGroup;
			children = (
				A280880C2857A534009FDA26 /* Networking-Alamofire-1 */,
				A280880B2857A534009FDA26 /* Products */,
				A05556CF2B5A6A48D72DB8EA /* Pods */,
				74F06DEC811AEB3C91C13AE3 /* Frameworks */,
			);
			sourceTree = "<group>";
		};
		A280880B2857A534009FDA26 /* Products */ = {
			isa = PBXGroup;
			children = (
				A280880A2857A534009FDA26 /* Networking-Alamofire-1.app */,
			);
			name = Products;
			sourceTree = "<group>";
		};
		A280880C2857A534009FDA26 /* Networking-Alamofire-1 */ = {
			isa = PBXGroup;
			children = (
				A280880D2857A534009FDA26 /* AppDelegate.swift */,
				A280880F2857A534009FDA26 /* SceneDelegate.swift */,
				A28088212857A7E4009FDA26 /* MyTableViewCell.swift */,
				A28088112857A534009FDA26 /* MyViewController.swift */,
				A28088132857A534009FDA26 /* Main.storyboard */,
				A28088162857A537009FDA26 /* Assets.xcassets */,
				A28088182857A537009FDA26 /* LaunchScreen.storyboard */,
				A280881B2857A537009FDA26 /* Info.plist */,
			);
			path = "Networking-Alamofire-1";
			sourceTree = "<group>";
		};
/* End PBXGroup section */

/* Begin PBXNativeTarget section */
		A28088092857A534009FDA26 /* Networking-Alamofire-1 */ = {
			isa = PBXNativeTarget;
			buildConfigurationList = A280881E2857A537009FDA26 /* Build configuration list for PBXNativeTarget "Networking-Alamofire-1" */;
			buildPhases = (
				7F5B637A9911DD5EE37E6BEC /* [CP] Check Pods Manifest.lock */,
				A28088062857A534009FDA26 /* Sources */,
				A28088072857A534009FDA26 /* Frameworks */,
				A28088082857A534009FDA26 /* Resources */,
				368ED11B83975DE547CA88AF /* [CP] Embed Pods Frameworks */,
			);
			buildRules = (
			);
			dependencies = (
			);
			name = "Networking-Alamofire-1";
			productName = "Networking-Alamofire-1";
			productReference = A280880A2857A534009FDA26 /* Networking-Alamofire-1.app */;
			productType = "com.apple.product-type.application";
		};
/* End PBXNativeTarget section */

/* Begin PBXProject section */
		A28088022857A534009FDA26 /* Project object */ = {
			isa = PBXProject;
			attributes = {
				BuildIndependentTargetsInParallel = 1;
				LastSwiftUpdateCheck = 1330;
				LastUpgradeCheck = 1330;
				TargetAttributes = {
					A28088092857A534009FDA26 = {
						CreatedOnToolsVersion = 13.3.1;
					};
				};
			};
			buildConfigurationList = A28088052857A534009FDA26 /* Build configuration list for PBXProject "Networking-Alamofire-1" */;
			compatibilityVersion = "Xcode 13.0";
			developmentRegion = en;
			hasScannedForEncodings = 0;
			knownRegions = (
				en,
				Base,
			);
			mainGroup = A28088012857A534009FDA26;
			productRefGroup = A280880B2857A534009FDA26 /* Products */;
			projectDirPath = "";
			projectRoot = "";
			targets = (
				A28088092857A534009FDA26 /* Networking-Alamofire-1 */,
			);
		};
/* End PBXProject section */

/* Begin PBXResourcesBuildPhase section */
		A28088082857A534009FDA26 /* Resources */ = {
			isa = PBXResourcesBuildPhase;
			buildActionMask = 2147483647;
			files = (
				A280881A2857A537009FDA26 /* LaunchScreen.storyboard in Resources */,
				A28088172857A537009FDA26 /* Assets.xcassets in Resources */,
				A28088152857A534009FDA26 /* Main.storyboard in Resources */,
			);
			runOnlyForDeploymentPostprocessing = 0;
		};
/* End PBXResourcesBuildPhase section */

/* Begin PBXShellScriptBuildPhase section */
		368ED11B83975DE547CA88AF /* [CP] Embed Pods Frameworks */ = {
			isa = PBXShellScriptBuildPhase;
			buildActionMask = 2147483647;
			files = (
			);
			inputFileListPaths = (
				"${PODS_ROOT}/Target Support Files/Pods-Networking-Alamofire-1/Pods-Networking-Alamofire-1-frameworks-${CONFIGURATION}-input-files.xcfilelist",
			);
			name = "[CP] Embed Pods Frameworks";
			outputFileListPaths = (
				"${PODS_ROOT}/Target Support Files/Pods-Networking-Alamofire-1/Pods-Networking-Alamofire-1-frameworks-${CONFIGURATION}-output-files.xcfilelist",
			);
			runOnlyForDeploymentPostprocessing = 0;
			shellPath = /bin/sh;
			shellScript = "\"${PODS_ROOT}/Target Support Files/Pods-Networking-Alamofire-1/Pods-Networking-Alamofire-1-frameworks.sh\"\n";
			showEnvVarsInLog = 0;
		};
		7F5B637A9911DD5EE37E6BEC /* [CP] Check Pods Manifest.lock */ = {
			isa = PBXShellScriptBuildPhase;
			buildActionMask = 2147483647;
			files = (
			);
			inputFileListPaths = (
			);
			inputPaths = (
				"${PODS_PODFILE_DIR_PATH}/Podfile.lock",
				"${PODS_ROOT}/Manifest.lock",
			);
			name = "[CP] Check Pods Manifest.lock";
			outputFileListPaths = (
			);
			outputPaths = (
				"$(DERIVED_FILE_DIR)/Pods-Networking-Alamofire-1-checkManifestLockResult.txt",
			);
			runOnlyForDeploymentPostprocessing = 0;
			shellPath = /bin/sh;
			shellScript = "diff \"${PODS_PODFILE_DIR_PATH}/Podfile.lock\" \"${PODS_ROOT}/Manifest.lock\" > /dev/null\nif [ $? != 0 ] ; then\n    # print error to STDERR\n    echo \"error: The sandbox is not in sync with the Podfile.lock. Run 'pod install' or update your CocoaPods installation.\" >&2\n    exit 1\nfi\n# This output is used by Xcode 'outputs' to avoid re-running this script phase.\necho \"SUCCESS\" > \"${SCRIPT_OUTPUT_FILE_0}\"\n";
			showEnvVarsInLog = 0;
		};
/* End PBXShellScriptBuildPhase section */

/* Begin PBXSourcesBuildPhase section */
		A28088062857A534009FDA26 /* Sources */ = {
			isa = PBXSourcesBuildPhase;
			buildActionMask = 2147483647;
			files = (
				A28088122857A534009FDA26 /* MyViewController.swift in Sources */,
				A28088222857A7E4009FDA26 /* MyTableViewCell.swift in Sources */,
				A280880E2857A534009FDA26 /* AppDelegate.swift in Sources */,
				A28088102857A534009FDA26 /* SceneDelegate.swift in Sources */,
			);
			runOnlyForDeploymentPostprocessing = 0;
		};
/* End PBXSourcesBuildPhase section */

/* Begin PBXVariantGroup section */
		A28088132857A534009FDA26 /* Main.storyboard */ = {
			isa = PBXVariantGroup;
			children = (
				A28088142857A534009FDA26 /* Base */,
			);
			name = Main.storyboard;
			sourceTree = "<group>";
		};
		A28088182857A537009FDA26 /* LaunchScreen.storyboard */ = {
			isa = PBXVariantGroup;
			children = (
				A28088192857A537009FDA26 /* Base */,
			);
			name = LaunchScreen.storyboard;
			sourceTree = "<group>";
		};
/* End PBXVariantGroup section */

/* Begin XCBuildConfiguration section */
		A280881C2857A537009FDA26 /* Debug */ = {
			isa = XCBuildConfiguration;
			buildSettings = {
				ALWAYS_SEARCH_USER_PATHS = NO;
				CLANG_ANALYZER_NONNULL = YES;
				CLANG_ANALYZER_NUMBER_OBJECT_CONVERSION = YES_AGGRESSIVE;
				CLANG_CXX_LANGUAGE_STANDARD = "gnu++17";
				CLANG_ENABLE_MODULES = YES;
				CLANG_ENABLE_OBJC_ARC = YES;
				CLANG_ENABLE_OBJC_WEAK = YES;
				CLANG_WARN_BLOCK_CAPTURE_AUTORELEASING = YES;
				CLANG_WARN_BOOL_CONVERSION = YES;
				CLANG_WARN_COMMA = YES;
				CLANG_WARN_CONSTANT_CONVERSION = YES;
				CLANG_WARN_DEPRECATED_OBJC_IMPLEMENTATIONS = YES;
				CLANG_WARN_DIRECT_OBJC_ISA_USAGE = YES_ERROR;
				CLANG_WARN_DOCUMENTATION_COMMENTS = YES;
				CLANG_WARN_EMPTY_BODY = YES;
				CLANG_WARN_ENUM_CONVERSION = YES;
				CLANG_WARN_INFINITE_RECURSION = YES;
				CLANG_WARN_INT_CONVERSION = YES;
				CLANG_WARN_NON_LITERAL_NULL_CONVERSION = YES;
				CLANG_WARN_OBJC_IMPLICIT_RETAIN_SELF = YES;
				CLANG_WARN_OBJC_LITERAL_CONVERSION = YES;
				CLANG_WARN_OBJC_ROOT_CLASS = YES_ERROR;
				CLANG_WARN_QUOTED_INCLUDE_IN_FRAMEWORK_HEADER = YES;
				CLANG_WARN_RANGE_LOOP_ANALYSIS = YES;
				CLANG_WARN_STRICT_PROTOTYPES = YES;
				CLANG_WARN_SUSPICIOUS_MOVE = YES;
				CLANG_WARN_UNGUARDED_AVAILABILITY = YES_AGGRESSIVE;
				CLANG_WARN_UNREACHABLE_CODE = YES;
				CLANG_WARN__DUPLICATE_METHOD_MATCH = YES;
				COPY_PHASE_STRIP = NO;
				DEBUG_INFORMATION_FORMAT = dwarf;
				ENABLE_STRICT_OBJC_MSGSEND = YES;
				ENABLE_TESTABILITY = YES;
				GCC_C_LANGUAGE_STANDARD = gnu11;
				GCC_DYNAMIC_NO_PIC = NO;
				GCC_NO_COMMON_BLOCKS = YES;
				GCC_OPTIMIZATION_LEVEL = 0;
				GCC_PREPROCESSOR_DEFINITIONS = (
					"DEBUG=1",
					"$(inherited)",
				);
				GCC_WARN_64_TO_32_BIT_CONVERSION = YES;
				GCC_WARN_ABOUT_RETURN_TYPE = YES_ERROR;
				GCC_WARN_UNDECLARED_SELECTOR = YES;
				GCC_WARN_UNINITIALIZED_AUTOS = YES_AGGRESSIVE;
				GCC_WARN_UNUSED_FUNCTION = YES;
				GCC_WARN_UNUSED_VARIABLE = YES;
				IPHONEOS_DEPLOYMENT_TARGET = 15.4;
				MTL_ENABLE_DEBUG_INFO = INCLUDE_SOURCE;
				MTL_FAST_MATH = YES;
				ONLY_ACTIVE_ARCH = YES;
				SDKROOT = iphoneos;
				SWIFT_ACTIVE_COMPILATION_CONDITIONS = DEBUG;
				SWIFT_OPTIMIZATION_LEVEL = "-Onone";
			};
			name = Debug;
		};
		A280881D2857A537009FDA26 /* Release */ = {
			isa = XCBuildConfiguration;
			buildSettings = {
				ALWAYS_SEARCH_USER_PATHS = NO;
				CLANG_ANALYZER_NONNULL = YES;
				CLANG_ANALYZER_NUMBER_OBJECT_CONVERSION = YES_AGGRESSIVE;
				CLANG_CXX_LANGUAGE_STANDARD = "gnu++17";
				CLANG_ENABLE_MODULES = YES;
				CLANG_ENABLE_OBJC_ARC = YES;
				CLANG_ENABLE_OBJC_WEAK = YES;
				CLANG_WARN_BLOCK_CAPTURE_AUTORELEASING = YES;
				CLANG_WARN_BOOL_CONVERSION = YES;
				CLANG_WARN_COMMA = YES;
				CLANG_WARN_CONSTANT_CONVERSION = YES;
				CLANG_WARN_DEPRECATED_OBJC_IMPLEMENTATIONS = YES;
				CLANG_WARN_DIRECT_OBJC_ISA_USAGE = YES_ERROR;
				CLANG_WARN_DOCUMENTATION_COMMENTS = YES;
				CLANG_WARN_EMPTY_BODY = YES;
				CLANG_WARN_ENUM_CONVERSION = YES;
				CLANG_WARN_INFINITE_RECURSION = YES;
				CLANG_WARN_INT_CONVERSION = YES;
				CLANG_WARN_NON_LITERAL_NULL_CONVERSION = YES;
				CLANG_WARN_OBJC_IMPLICIT_RETAIN_SELF = YES;
				CLANG_WARN_OBJC_LITERAL_CONVERSION = YES;
				CLANG_WARN_OBJC_ROOT_CLASS = YES_ERROR;
				CLANG_WARN_QUOTED_INCLUDE_IN_FRAMEWORK_HEADER = YES;
				CLANG_WARN_RANGE_LOOP_ANALYSIS = YES;
				CLANG_WARN_STRICT_PROTOTYPES = YES;
				CLANG_WARN_SUSPICIOUS_MOVE = YES;
				CLANG_WARN_UNGUARDED_AVAILABILITY = YES_AGGRESSIVE;
				CLANG_WARN_UNREACHABLE_CODE = YES;
				CLANG_WARN__DUPLICATE_METHOD_MATCH = YES;
				COPY_PHASE_STRIP = NO;
				DEBUG_INFORMATION_FORMAT = "dwarf-with-dsym";
				ENABLE_NS_ASSERTIONS = NO;
				ENABLE_STRICT_OBJC_MSGSEND = YES;
				GCC_C_LANGUAGE_STANDARD = gnu11;
				GCC_NO_COMMON_BLOCKS = YES;
				GCC_WARN_64_TO_32_BIT_CONVERSION = YES;
				GCC_WARN_ABOUT_RETURN_TYPE = YES_ERROR;
				GCC_WARN_UNDECLARED_SELECTOR = YES;
				GCC_WARN_UNINITIALIZED_AUTOS = YES_AGGRESSIVE;
				GCC_WARN_UNUSED_FUNCTION = YES;
				GCC_WARN_UNUSED_VARIABLE = YES;
				IPHONEOS_DEPLOYMENT_TARGET = 15.4;
				MTL_ENABLE_DEBUG_INFO = NO;
				MTL_FAST_MATH = YES;
				SDKROOT = iphoneos;
				SWIFT_COMPILATION_MODE = wholemodule;
				SWIFT_OPTIMIZATION_LEVEL = "-O";
				VALIDATE_PRODUCT = YES;
			};
			name = Release;
		};
		A280881F2857A537009FDA26 /* Debug */ = {
			isa = XCBuildConfiguration;
			baseConfigurationReference = ECE13A1C9CED7E86E60A8B3E /* Pods-Networking-Alamofire-1.debug.xcconfig */;
			buildSettings = {
				ASSETCATALOG_COMPILER_APPICON_NAME = AppIcon;
				ASSETCATALOG_COMPILER_GLOBAL_ACCENT_COLOR_NAME = AccentColor;
				CODE_SIGN_STYLE = Automatic;
				CURRENT_PROJECT_VERSION = 1;
				DEVELOPMENT_TEAM = U3JHK4U826;
				GENERATE_INFOPLIST_FILE = YES;
				INFOPLIST_FILE = "Networking-Alamofire-1/Info.plist";
				INFOPLIST_KEY_UIApplicationSupportsIndirectInputEvents = YES;
				INFOPLIST_KEY_UILaunchStoryboardName = LaunchScreen;
				INFOPLIST_KEY_UIMainStoryboardFile = Main;
				INFOPLIST_KEY_UISupportedInterfaceOrientations_iPad = "UIInterfaceOrientationPortrait UIInterfaceOrientationPortraitUpsideDown UIInterfaceOrientationLandscapeLeft UIInterfaceOrientationLandscapeRight";
				INFOPLIST_KEY_UISupportedInterfaceOrientations_iPhone = "UIInterfaceOrientationPortrait UIInterfaceOrientationLandscapeLeft UIInterfaceOrientationLandscapeRight";
				LD_RUNPATH_SEARCH_PATHS = (
					"$(inherited)",
					"@executable_path/Frameworks",
				);
				MARKETING_VERSION = 1.0;
				PRODUCT_BUNDLE_IDENTIFIER = "YeoCompany.Networking-Alamofire-1";
				PRODUCT_NAME = "$(TARGET_NAME)";
				SWIFT_EMIT_LOC_STRINGS = YES;
				SWIFT_VERSION = 5.0;
				TARGETED_DEVICE_FAMILY = "1,2";
			};
			name = Debug;
		};
		A28088202857A537009FDA26 /* Release */ = {
			isa = XCBuildConfiguration;
			baseConfigurationReference = 31D98F794203750ED7BBA7AE /* Pods-Networking-Alamofire-1.release.xcconfig */;
			buildSettings = {
				ASSETCATALOG_COMPILER_APPICON_NAME = AppIcon;
				ASSETCATALOG_COMPILER_GLOBAL_ACCENT_COLOR_NAME = AccentColor;
				CODE_SIGN_STYLE = Automatic;
				CURRENT_PROJECT_VERSION = 1;
				DEVELOPMENT_TEAM = U3JHK4U826;
				GENERATE_INFOPLIST_FILE = YES;
				INFOPLIST_FILE = "Networking-Alamofire-1/Info.plist";
				INFOPLIST_KEY_UIApplicationSupportsIndirectInputEvents = YES;
				INFOPLIST_KEY_UILaunchStoryboardName = LaunchScreen;
				INFOPLIST_KEY_UIMainStoryboardFile = Main;
				INFOPLIST_KEY_UISupportedInterfaceOrientations_iPad = "UIInterfaceOrientationPortrait UIInterfaceOrientationPortraitUpsideDown UIInterfaceOrientationLandscapeLeft UIInterfaceOrientationLandscapeRight";
				INFOPLIST_KEY_UISupportedInterfaceOrientations_iPhone = "UIInterfaceOrientationPortrait UIInterfaceOrientationLandscapeLeft UIInterfaceOrientationLandscapeRight";
				LD_RUNPATH_SEARCH_PATHS = (
					"$(inherited)",
					"@executable_path/Frameworks",
				);
				MARKETING_VERSION = 1.0;
				PRODUCT_BUNDLE_IDENTIFIER = "YeoCompany.Networking-Alamofire-1";
				PRODUCT_NAME = "$(TARGET_NAME)";
				SWIFT_EMIT_LOC_STRINGS = YES;
				SWIFT_VERSION = 5.0;
				TARGETED_DEVICE_FAMILY = "1,2";
			};
			name = Release;
		};
/* End XCBuildConfiguration section */

/* Begin XCConfigurationList section */
		A28088052857A534009FDA26 /* Build configuration list for PBXProject "Networking-Alamofire-1" */ = {
			isa = XCConfigurationList;
			buildConfigurations = (
				A280881C2857A537009FDA26 /* Debug */,
				A280881D2857A537009FDA26 /* Release */,
			);
			defaultConfigurationIsVisible = 0;
			defaultConfigurationName = Release;
		};
		A280881E2857A537009FDA26 /* Build configuration list for PBXNativeTarget "Networking-Alamofire-1" */ = {
			isa = XCConfigurationList;
			buildConfigurations = (
				A280881F2857A537009FDA26 /* Debug */,
				A28088202857A537009FDA26 /* Release */,
			);
			defaultConfigurationIsVisible = 0;
			defaultConfigurationName = Release;
		};
/* End XCConfigurationList section */
	};
	rootObject = A28088022857A534009FDA26 /* Project object */;
}
